{
  "name": "test-apng",
  "version": "1.0.0",
  "lockfileVersion": 2,
  "requires": true,
  "packages": {
    "": {
      "version": "1.0.0",
      "license": "ISC",
      "dependencies": {
        "apng-js": "^1.1.1"
      }
    },
    "node_modules/apng-js": {
      "version": "1.1.1",
      "resolved": "https://registry.npmjs.org/apng-js/-/apng-js-1.1.1.tgz",
      "integrity": "sha512-UWaloDssWCE8Bj0wipyNxEXPnMadYS0VAjghCLas5nKGqfiBMNdQJhg8Fawq2+jZ50IOM1feKwjiqPAC/bvKgg=="
    }
  },
  "dependencies": {
    "apng-js": {
      "version": "1.1.1",
      "resolved": "https://registry.npmjs.org/apng-js/-/apng-js-1.1.1.tgz",
      "integrity": "sha512-UWaloDssWCE8Bj0wipyNxEXPnMadYS0VAjghCLas5nKGqfiBMNdQJhg8Fawq2+jZ50IOM1feKwjiqPAC/bvKgg=="
    }
  }
}
